Microsoft Visual Studio Solution File, Format Version 11.00
# Visual Studio 2008

Project("{5B3FBB6F-686E-C5CF-8F53-16077B0F1BB5}") = "juegosnaves", "Assembly-CSharp-firstpass.csproj", "{5E159C82-A927-27BA-D594-A6E82C8BFB9E}"
EndProject
Project("{5B3FBB6F-686E-C5CF-8F53-16077B0F1BB5}") = "juegosnaves", "Assembly-CSharp.csproj", "{C7381FC0-C803-26EB-767E-4D0044CB8854}"
EndProject
Project("{5B3FBB6F-686E-C5CF-8F53-16077B0F1BB5}") = "juegosnaves", "Assembly-CSharp-Editor.csproj", "{3D4055C4-3CE3-F573-F338-26618B8DF24C}"
EndProject
Project("{5B3FBB6F-686E-C5CF-8F53-16077B0F1BB5}") = "juegosnaves", "Assembly-UnityScript-firstpass.unityproj", "{6F01641D-07E2-D775-DB2C-D57C5704E719}"
EndProject
Global
	GlobalSection(SolutionConfigurationPlatforms) = preSolution
		Debug|Any CPU = Debug|Any CPU
		Release|Any CPU = Release|Any CPU
	EndGlobalSection
	GlobalSection(ProjectConfigurationPlatforms) = postSolution
		{5E159C82-A927-27BA-D594-A6E82C8BFB9E}.Debug|Any CPU.ActiveCfg = Debug|Any CPU
		{5E159C82-A927-27BA-D594-A6E82C8BFB9E}.Debug|Any CPU.Build.0 = Debug|Any CPU
		{5E159C82-A927-27BA-D594-A6E82C8BFB9E}.Release|Any CPU.ActiveCfg = Release|Any CPU
		{5E159C82-A927-27BA-D594-A6E82C8BFB9E}.Release|Any CPU.Build.0 = Release|Any CPU
		{C7381FC0-C803-26EB-767E-4D0044CB8854}.Debug|Any CPU.ActiveCfg = Debug|Any CPU
		{C7381FC0-C803-26EB-767E-4D0044CB8854}.Debug|Any CPU.Build.0 = Debug|Any CPU
		{C7381FC0-C803-26EB-767E-4D0044CB8854}.Release|Any CPU.ActiveCfg = Release|Any CPU
		{C7381FC0-C803-26EB-767E-4D0044CB8854}.Release|Any CPU.Build.0 = Release|Any CPU
		{3D4055C4-3CE3-F573-F338-26618B8DF24C}.Debug|Any CPU.ActiveCfg = Debug|Any CPU
		{3D4055C4-3CE3-F573-F338-26618B8DF24C}.Debug|Any CPU.Build.0 = Debug|Any CPU
		{3D4055C4-3CE3-F573-F338-26618B8DF24C}.Release|Any CPU.ActiveCfg = Release|Any CPU
		{3D4055C4-3CE3-F573-F338-26618B8DF24C}.Release|Any CPU.Build.0 = Release|Any CPU
		{6F01641D-07E2-D775-DB2C-D57C5704E719}.Debug|Any CPU.ActiveCfg = Debug|Any CPU
		{6F01641D-07E2-D775-DB2C-D57C5704E719}.Debug|Any CPU.Build.0 = Debug|Any CPU
		{6F01641D-07E2-D775-DB2C-D57C5704E719}.Release|Any CPU.ActiveCfg = Release|Any CPU
		{6F01641D-07E2-D775-DB2C-D57C5704E719}.Release|Any CPU.Build.0 = Release|Any CPU
	EndGlobalSection
	GlobalSection(SolutionProperties) = preSolution
		HideSolutionNode = FALSE
	EndGlobalSection
																																																		GlobalSection(MonoDevelopProperties) = preSolution
		StartupItem = Assembly-CSharp.csproj
		Policies = $0
		$0.TextStylePolicy = $1
		$1.inheritsSet = null
		$1.scope = text/x-csharp
		$0.CSharpFormattingPolicy = $2
		$2.inheritsSet = Mono
		$2.inheritsScope = text/x-csharp
		$2.scope = text/x-csharp
		$0.TextStylePolicy = $3
		$3.FileWidth = 120
		$3.TabWidth = 4
		$3.EolMarker = Unix
		$3.inheritsSet = Mono
		$3.inheritsScope = text/plain
		$3.scope = text/plain
	EndGlobalSection

EndGlobal
